
Microsoft Visual Studio Solution File, Format Version 12.00
# Visual Studio 15
VisualStudioVersion = 15.0.28307.168
MinimumVisualStudioVersion = 10.0.40219.1
Project("{FAE04EC0-301F-11D3-BF4B-00C04F79EFBC}") = "FishShopModel", "FishShopModel\FishShopModel.csproj", "{5B0F8182-D904-4B8E-9568-620F913BDDCD}"
EndProject
Project("{FAE04EC0-301F-11D3-BF4B-00C04F79EFBC}") = "FishShopServiceDAL", "FishShopServiceDAL\FishShopServiceDAL.csproj", "{7FC9F917-6F1E-4F40-B8DC-6C8015304D75}"
EndProject
Project("{FAE04EC0-301F-11D3-BF4B-00C04F79EFBC}") = "FishShopServiceImplement", "FishShopServiceImplement\FishShopServiceImplement.csproj", "{1C9677E2-23E8-4586-A221-27083F846D6C}"
EndProject
Project("{FAE04EC0-301F-11D3-BF4B-00C04F79EFBC}") = "FishShopView", "FishShopView\FishShopView.csproj", "{447917BB-AD9D-4764-84AB-1E90AACA0401}"
EndProject
Project("{FAE04EC0-301F-11D3-BF4B-00C04F79EFBC}") = "FishShopWPFView", "FishShopWPFView\FishShopWPFView.csproj", "{6882E923-7F68-418D-8325-121777B0C609}"
EndProject
Global
	GlobalSection(SolutionConfigurationPlatforms) = preSolution
		Debug|Any CPU = Debug|Any CPU
		Release|Any CPU = Release|Any CPU
	EndGlobalSection
	GlobalSection(ProjectConfigurationPlatforms) = postSolution
		{5B0F8182-D904-4B8E-9568-620F913BDDCD}.Debug|Any CPU.ActiveCfg = Debug|Any CPU
		{5B0F8182-D904-4B8E-9568-620F913BDDCD}.Debug|Any CPU.Build.0 = Debug|Any CPU
		{5B0F8182-D904-4B8E-9568-620F913BDDCD}.Release|Any CPU.ActiveCfg = Release|Any CPU
		{5B0F8182-D904-4B8E-9568-620F913BDDCD}.Release|Any CPU.Build.0 = Release|Any CPU
		{7FC9F917-6F1E-4F40-B8DC-6C8015304D75}.Debug|Any CPU.ActiveCfg = Debug|Any CPU
		{7FC9F917-6F1E-4F40-B8DC-6C8015304D75}.Debug|Any CPU.Build.0 = Debug|Any CPU
		{7FC9F917-6F1E-4F40-B8DC-6C8015304D75}.Release|Any CPU.ActiveCfg = Release|Any CPU
		{7FC9F917-6F1E-4F40-B8DC-6C8015304D75}.Release|Any CPU.Build.0 = Release|Any CPU
		{1C9677E2-23E8-4586-A221-27083F846D6C}.Debug|Any CPU.ActiveCfg = Debug|Any CPU
		{1C9677E2-23E8-4586-A221-27083F846D6C}.Debug|Any CPU.Build.0 = Debug|Any CPU
		{1C9677E2-23E8-4586-A221-27083F846D6C}.Release|Any CPU.ActiveCfg = Release|Any CPU
		{1C9677E2-23E8-4586-A221-27083F846D6C}.Release|Any CPU.Build.0 = Release|Any CPU
		{447917BB-AD9D-4764-84AB-1E90AACA0401}.Debug|Any CPU.ActiveCfg = Debug|Any CPU
		{447917BB-AD9D-4764-84AB-1E90AACA0401}.Debug|Any CPU.Build.0 = Debug|Any CPU
		{447917BB-AD9D-4764-84AB-1E90AACA0401}.Release|Any CPU.ActiveCfg = Release|Any CPU
		{447917BB-AD9D-4764-84AB-1E90AACA0401}.Release|Any CPU.Build.0 = Release|Any CPU
		{6882E923-7F68-418D-8325-121777B0C609}.Debug|Any CPU.ActiveCfg = Debug|Any CPU
		{6882E923-7F68-418D-8325-121777B0C609}.Debug|Any CPU.Build.0 = Debug|Any CPU
		{6882E923-7F68-418D-8325-121777B0C609}.Release|Any CPU.ActiveCfg = Release|Any CPU
		{6882E923-7F68-418D-8325-121777B0C609}.Release|Any CPU.Build.0 = Release|Any CPU
	EndGlobalSection
	GlobalSection(SolutionProperties) = preSolution
		HideSolutionNode = FALSE
	EndGlobalSection
	GlobalSection(ExtensibilityGlobals) = postSolution
		SolutionGuid = {B51713F9-9740-4D2F-8F35-E7D78BBD19AE}
	EndGlobalSection
EndGlobal
